
Microsoft Visual Studio Solution File, Format Version 12.00
# Visual Studio Version 16
VisualStudioVersion = 16.0.31727.386
MinimumVisualStudioVersion = 10.0.40219.1
Project("{FAE04EC0-301F-11D3-BF4B-00C04F79EFBC}") = "EmbedVideo.Website", "EmbedVideo.Website\EmbedVideo.Website.csproj", "{2A720AAB-6E43-4069-8872-A0F826C20FAB}"
EndProject
Global
	GlobalSection(SolutionConfigurationPlatforms) = preSolution
		Debug|Any CPU = Debug|Any CPU
		Release|Any CPU = Release|Any CPU
	EndGlobalSection
	GlobalSection(ProjectConfigurationPlatforms) = postSolution
		{2A720AAB-6E43-4069-8872-A0F826C20FAB}.Debug|Any CPU.ActiveCfg = Debug|Any CPU
		{2A720AAB-6E43-4069-8872-A0F826C20FAB}.Debug|Any CPU.Build.0 = Debug|Any CPU
		{2A720AAB-6E43-4069-8872-A0F826C20FAB}.Release|Any CPU.ActiveCfg = Release|Any CPU
		{2A720AAB-6E43-4069-8872-A0F826C20FAB}.Release|Any CPU.Build.0 = Release|Any CPU
	EndGlobalSection
	GlobalSection(SolutionProperties) = preSolution
		HideSolutionNode = FALSE
	EndGlobalSection
	GlobalSection(ExtensibilityGlobals) = postSolution
		SolutionGuid = {4B365D56-0FA3-428D-905B-F7E0D1F724D6}
	EndGlobalSection
EndGlobal
